
Microsoft Visual Studio Solution File, Format Version 12.00
# Visual Studio 15
VisualStudioVersion = 15.0.27703.2035
MinimumVisualStudioVersion = 10.0.40219.1
Project("{FAE04EC0-301F-11D3-BF4B-00C04F79EFBC}") = "StoreApp", "StoreApp\StoreApp.csproj", "{61A528B9-A6C5-4BC4-A70D-01F4FF92573E}"
EndProject
Project("{FAE04EC0-301F-11D3-BF4B-00C04F79EFBC}") = "StoreApp.Tests", "StoreApp.Tests\StoreApp.Tests.csproj", "{477AEB12-5471-44F8-8E34-147D758E5E08}"
EndProject
Global
	GlobalSection(SolutionConfigurationPlatforms) = preSolution
		Debug|Any CPU = Debug|Any CPU
		Release|Any CPU = Release|Any CPU
	EndGlobalSection
	GlobalSection(ProjectConfigurationPlatforms) = postSolution
		{61A528B9-A6C5-4BC4-A70D-01F4FF92573E}.Debug|Any CPU.ActiveCfg = Debug|Any CPU
		{61A528B9-A6C5-4BC4-A70D-01F4FF92573E}.Debug|Any CPU.Build.0 = Debug|Any CPU
		{61A528B9-A6C5-4BC4-A70D-01F4FF92573E}.Release|Any CPU.ActiveCfg = Release|Any CPU
		{61A528B9-A6C5-4BC4-A70D-01F4FF92573E}.Release|Any CPU.Build.0 = Release|Any CPU
		{477AEB12-5471-44F8-8E34-147D758E5E08}.Debug|Any CPU.ActiveCfg = Debug|Any CPU
		{477AEB12-5471-44F8-8E34-147D758E5E08}.Debug|Any CPU.Build.0 = Debug|Any CPU
		{477AEB12-5471-44F8-8E34-147D758E5E08}.Release|Any CPU.ActiveCfg = Release|Any CPU
		{477AEB12-5471-44F8-8E34-147D758E5E08}.Release|Any CPU.Build.0 = Release|Any CPU
	EndGlobalSection
	GlobalSection(SolutionProperties) = preSolution
		HideSolutionNode = FALSE
	EndGlobalSection
	GlobalSection(ExtensibilityGlobals) = postSolution
		SolutionGuid = {D005CFEE-4954-4EBA-A1D7-EBF41210CCE4}
	EndGlobalSection
EndGlobal
